
Microsoft Visual Studio Solution File, Format Version 12.00
# Visual Studio Version 17
VisualStudioVersion = 17.3.32901.215
MinimumVisualStudioVersion = 10.0.40219.1
Project("{FAE04EC0-301F-11D3-BF4B-00C04F79EFBC}") = "NurseryApplication1", "NurseryApplication1\NurseryApplication1.csproj", "{330B8D8C-02B9-4E8B-99AC-98EEE7091D90}"
EndProject
Global
	GlobalSection(SolutionConfigurationPlatforms) = preSolution
		Debug|Any CPU = Debug|Any CPU
		Release|Any CPU = Release|Any CPU
	EndGlobalSection
	GlobalSection(ProjectConfigurationPlatforms) = postSolution
		{330B8D8C-02B9-4E8B-99AC-98EEE7091D90}.Debug|Any CPU.ActiveCfg = Debug|Any CPU
		{330B8D8C-02B9-4E8B-99AC-98EEE7091D90}.Debug|Any CPU.Build.0 = Debug|Any CPU
		{330B8D8C-02B9-4E8B-99AC-98EEE7091D90}.Release|Any CPU.ActiveCfg = Release|Any CPU
		{330B8D8C-02B9-4E8B-99AC-98EEE7091D90}.Release|Any CPU.Build.0 = Release|Any CPU
	EndGlobalSection
	GlobalSection(SolutionProperties) = preSolution
		HideSolutionNode = FALSE
	EndGlobalSection
	GlobalSection(ExtensibilityGlobals) = postSolution
		SolutionGuid = {166FB53E-6CB6-4EB8-AEB2-43A4066CA912}
	EndGlobalSection
EndGlobal
